
Microsoft Visual Studio Solution File, Format Version 12.00
# Visual Studio Version 17
VisualStudioVersion = 17.7.34031.279
MinimumVisualStudioVersion = 10.0.40219.1
Project("{9A19103F-16F7-4668-BE54-9A1E7A4F7556}") = "BlobStorage", "BlobStorage.csproj", "{5447EAD9-BCCB-4DA7-983B-C0E42CC77A00}"
EndProject
Global
	GlobalSection(SolutionConfigurationPlatforms) = preSolution
		Debug|Any CPU = Debug|Any CPU
		Release|Any CPU = Release|Any CPU
	EndGlobalSection
	GlobalSection(ProjectConfigurationPlatforms) = postSolution
		{5447EAD9-BCCB-4DA7-983B-C0E42CC77A00}.Debug|Any CPU.ActiveCfg = Debug|Any CPU
		{5447EAD9-BCCB-4DA7-983B-C0E42CC77A00}.Debug|Any CPU.Build.0 = Debug|Any CPU
		{5447EAD9-BCCB-4DA7-983B-C0E42CC77A00}.Release|Any CPU.ActiveCfg = Release|Any CPU
		{5447EAD9-BCCB-4DA7-983B-C0E42CC77A00}.Release|Any CPU.Build.0 = Release|Any CPU
	EndGlobalSection
	GlobalSection(SolutionProperties) = preSolution
		HideSolutionNode = FALSE
	EndGlobalSection
	GlobalSection(ExtensibilityGlobals) = postSolution
		SolutionGuid = {47952B5F-E23A-45B3-B6C9-C9258AF3640F}
	EndGlobalSection
EndGlobal
